
Microsoft Visual Studio Solution File, Format Version 12.00
# Visual Studio 15
VisualStudioVersion = 15.0.27703.2042
MinimumVisualStudioVersion = 10.0.40219.1
Project("{9A19103F-16F7-4668-BE54-9A1E7A4F7556}") = "Anthill.Core", "Anthill.Core\Anthill.Core.csproj", "{4015451B-71E6-4107-AE4D-7510DC0B7F4C}"
EndProject
Project("{9A19103F-16F7-4668-BE54-9A1E7A4F7556}") = "AntHill.Tests", "AntHill.Tests\AntHill.Tests.csproj", "{C097943A-10CF-45CC-BC54-6A7D7EA26DE3}"
EndProject
Project("{9A19103F-16F7-4668-BE54-9A1E7A4F7556}") = "Nursery.Core", "Nursery.Core\Nursery.Core.csproj", "{16B38B9B-3D59-4D06-9AD9-A4B4E1CED8E0}"
EndProject
Project("{9A19103F-16F7-4668-BE54-9A1E7A4F7556}") = "Nursery.Tests", "Nursery.Tests\Nursery.Tests.csproj", "{8E238D6B-89FD-4D1E-874B-D052AF6F1944}"
EndProject
Project("{9A19103F-16F7-4668-BE54-9A1E7A4F7556}") = "Nursery.Data", "Nursery.Data\Nursery.Data.csproj", "{1815BCE7-DBF4-4253-93D2-870CECB22904}"
EndProject
Project("{FAE04EC0-301F-11D3-BF4B-00C04F79EFBC}") = "Reporters.Core", "Reporters.Core\Reporters.Core.csproj", "{CAAD7387-D3A6-4EB1-A46A-BC0416FE81DD}"
EndProject
Project("{FAE04EC0-301F-11D3-BF4B-00C04F79EFBC}") = "Reporters.Tests", "Reporters.Tests\Reporters.Tests.csproj", "{EF1BD6A2-518C-4BB8-A5F1-ED18838814F5}"
EndProject
Project("{FAE04EC0-301F-11D3-BF4B-00C04F79EFBC}") = "Cemetery.Core", "Cemetery.Core\Cemetery.Core.csproj", "{3434CB42-207D-44C6-A7DA-94F8F0F3FA87}"
EndProject
Project("{FAE04EC0-301F-11D3-BF4B-00C04F79EFBC}") = "Cemetery.Tests", "Cemetery.Tests\Cemetery.Tests.csproj", "{938FD306-6995-42A8-AAFB-5119884F85E1}"
EndProject
Project("{FAE04EC0-301F-11D3-BF4B-00C04F79EFBC}") = "Colony.Core", "Colony.Core\Colony.Core.csproj", "{A79B6183-C5AA-4DD9-B4B1-D93CF81923D7}"
EndProject
Project("{FAE04EC0-301F-11D3-BF4B-00C04F79EFBC}") = "Colony.Tests", "Colony.Tests\Colony.Tests.csproj", "{44907022-0C27-4389-A028-065FE7146924}"
EndProject
Project("{2150E333-8FDC-42A3-9474-1A3956D46DE8}") = "Anthill", "Anthill", "{2AB8408D-A312-4CBB-8D18-594CBF97859D}"
EndProject
Project("{2150E333-8FDC-42A3-9474-1A3956D46DE8}") = "Cemetery", "Cemetery", "{8EFF854B-84DC-41E5-94E4-31D77C9AA994}"
EndProject
Project("{2150E333-8FDC-42A3-9474-1A3956D46DE8}") = "Colony", "Colony", "{69D09EAC-47E7-43AC-ACF2-F6421355C1DC}"
EndProject
Project("{2150E333-8FDC-42A3-9474-1A3956D46DE8}") = "Nursery", "Nursery", "{1356BF3E-2031-4816-B19E-F396BBCE1309}"
EndProject
Project("{2150E333-8FDC-42A3-9474-1A3956D46DE8}") = "Reporters", "Reporters", "{5140B8C3-E818-4267-AD21-4B2251B2977C}"
EndProject
Project("{FAE04EC0-301F-11D3-BF4B-00C04F79EFBC}") = "Colony.Data", "Colony.Data\Colony.Data.csproj", "{66533C74-5520-4BB3-B5A8-3D00802B02EB}"
EndProject
Project("{FAE04EC0-301F-11D3-BF4B-00C04F79EFBC}") = "Cemetery.Data", "Cemetery.Data\Cemetery.Data.csproj", "{87210A6C-D6A3-4063-93FD-A07F2374FE9D}"
EndProject
Global
	GlobalSection(SolutionConfigurationPlatforms) = preSolution
		Debug|Any CPU = Debug|Any CPU
		Release|Any CPU = Release|Any CPU
	EndGlobalSection
	GlobalSection(ProjectConfigurationPlatforms) = postSolution
		{4015451B-71E6-4107-AE4D-7510DC0B7F4C}.Debug|Any CPU.ActiveCfg = Debug|Any CPU
		{4015451B-71E6-4107-AE4D-7510DC0B7F4C}.Debug|Any CPU.Build.0 = Debug|Any CPU
		{4015451B-71E6-4107-AE4D-7510DC0B7F4C}.Release|Any CPU.ActiveCfg = Release|Any CPU
		{4015451B-71E6-4107-AE4D-7510DC0B7F4C}.Release|Any CPU.Build.0 = Release|Any CPU
		{C097943A-10CF-45CC-BC54-6A7D7EA26DE3}.Debug|Any CPU.ActiveCfg = Debug|Any CPU
		{C097943A-10CF-45CC-BC54-6A7D7EA26DE3}.Debug|Any CPU.Build.0 = Debug|Any CPU
		{C097943A-10CF-45CC-BC54-6A7D7EA26DE3}.Release|Any CPU.ActiveCfg = Release|Any CPU
		{C097943A-10CF-45CC-BC54-6A7D7EA26DE3}.Release|Any CPU.Build.0 = Release|Any CPU
		{16B38B9B-3D59-4D06-9AD9-A4B4E1CED8E0}.Debug|Any CPU.ActiveCfg = Debug|Any CPU
		{16B38B9B-3D59-4D06-9AD9-A4B4E1CED8E0}.Debug|Any CPU.Build.0 = Debug|Any CPU
		{16B38B9B-3D59-4D06-9AD9-A4B4E1CED8E0}.Release|Any CPU.ActiveCfg = Release|Any CPU
		{16B38B9B-3D59-4D06-9AD9-A4B4E1CED8E0}.Release|Any CPU.Build.0 = Release|Any CPU
		{8E238D6B-89FD-4D1E-874B-D052AF6F1944}.Debug|Any CPU.ActiveCfg = Debug|Any CPU
		{8E238D6B-89FD-4D1E-874B-D052AF6F1944}.Debug|Any CPU.Build.0 = Debug|Any CPU
		{8E238D6B-89FD-4D1E-874B-D052AF6F1944}.Release|Any CPU.ActiveCfg = Release|Any CPU
		{8E238D6B-89FD-4D1E-874B-D052AF6F1944}.Release|Any CPU.Build.0 = Release|Any CPU
		{1815BCE7-DBF4-4253-93D2-870CECB22904}.Debug|Any CPU.ActiveCfg = Debug|Any CPU
		{1815BCE7-DBF4-4253-93D2-870CECB22904}.Debug|Any CPU.Build.0 = Debug|Any CPU
		{1815BCE7-DBF4-4253-93D2-870CECB22904}.Release|Any CPU.ActiveCfg = Release|Any CPU
		{1815BCE7-DBF4-4253-93D2-870CECB22904}.Release|Any CPU.Build.0 = Release|Any CPU
		{CAAD7387-D3A6-4EB1-A46A-BC0416FE81DD}.Debug|Any CPU.ActiveCfg = Debug|Any CPU
		{CAAD7387-D3A6-4EB1-A46A-BC0416FE81DD}.Debug|Any CPU.Build.0 = Debug|Any CPU
		{CAAD7387-D3A6-4EB1-A46A-BC0416FE81DD}.Release|Any CPU.ActiveCfg = Release|Any CPU
		{CAAD7387-D3A6-4EB1-A46A-BC0416FE81DD}.Release|Any CPU.Build.0 = Release|Any CPU
		{EF1BD6A2-518C-4BB8-A5F1-ED18838814F5}.Debug|Any CPU.ActiveCfg = Debug|Any CPU
		{EF1BD6A2-518C-4BB8-A5F1-ED18838814F5}.Debug|Any CPU.Build.0 = Debug|Any CPU
		{EF1BD6A2-518C-4BB8-A5F1-ED18838814F5}.Release|Any CPU.ActiveCfg = Release|Any CPU
		{EF1BD6A2-518C-4BB8-A5F1-ED18838814F5}.Release|Any CPU.Build.0 = Release|Any CPU
		{3434CB42-207D-44C6-A7DA-94F8F0F3FA87}.Debug|Any CPU.ActiveCfg = Debug|Any CPU
		{3434CB42-207D-44C6-A7DA-94F8F0F3FA87}.Debug|Any CPU.Build.0 = Debug|Any CPU
		{3434CB42-207D-44C6-A7DA-94F8F0F3FA87}.Release|Any CPU.ActiveCfg = Release|Any CPU
		{3434CB42-207D-44C6-A7DA-94F8F0F3FA87}.Release|Any CPU.Build.0 = Release|Any CPU
		{938FD306-6995-42A8-AAFB-5119884F85E1}.Debug|Any CPU.ActiveCfg = Debug|Any CPU
		{938FD306-6995-42A8-AAFB-5119884F85E1}.Debug|Any CPU.Build.0 = Debug|Any CPU
		{938FD306-6995-42A8-AAFB-5119884F85E1}.Release|Any CPU.ActiveCfg = Release|Any CPU
		{938FD306-6995-42A8-AAFB-5119884F85E1}.Release|Any CPU.Build.0 = Release|Any CPU
		{A79B6183-C5AA-4DD9-B4B1-D93CF81923D7}.Debug|Any CPU.ActiveCfg = Debug|Any CPU
		{A79B6183-C5AA-4DD9-B4B1-D93CF81923D7}.Debug|Any CPU.Build.0 = Debug|Any CPU
		{A79B6183-C5AA-4DD9-B4B1-D93CF81923D7}.Release|Any CPU.ActiveCfg = Release|Any CPU
		{A79B6183-C5AA-4DD9-B4B1-D93CF81923D7}.Release|Any CPU.Build.0 = Release|Any CPU
		{44907022-0C27-4389-A028-065FE7146924}.Debug|Any CPU.ActiveCfg = Debug|Any CPU
		{44907022-0C27-4389-A028-065FE7146924}.Debug|Any CPU.Build.0 = Debug|Any CPU
		{44907022-0C27-4389-A028-065FE7146924}.Release|Any CPU.ActiveCfg = Release|Any CPU
		{44907022-0C27-4389-A028-065FE7146924}.Release|Any CPU.Build.0 = Release|Any CPU
		{66533C74-5520-4BB3-B5A8-3D00802B02EB}.Debug|Any CPU.ActiveCfg = Debug|Any CPU
		{66533C74-5520-4BB3-B5A8-3D00802B02EB}.Debug|Any CPU.Build.0 = Debug|Any CPU
		{66533C74-5520-4BB3-B5A8-3D00802B02EB}.Release|Any CPU.ActiveCfg = Release|Any CPU
		{66533C74-5520-4BB3-B5A8-3D00802B02EB}.Release|Any CPU.Build.0 = Release|Any CPU
		{87210A6C-D6A3-4063-93FD-A07F2374FE9D}.Debug|Any CPU.ActiveCfg = Debug|Any CPU
		{87210A6C-D6A3-4063-93FD-A07F2374FE9D}.Debug|Any CPU.Build.0 = Debug|Any CPU
		{87210A6C-D6A3-4063-93FD-A07F2374FE9D}.Release|Any CPU.ActiveCfg = Release|Any CPU
		{87210A6C-D6A3-4063-93FD-A07F2374FE9D}.Release|Any CPU.Build.0 = Release|Any CPU
	EndGlobalSection
	GlobalSection(SolutionProperties) = preSolution
		HideSolutionNode = FALSE
	EndGlobalSection
	GlobalSection(NestedProjects) = preSolution
		{4015451B-71E6-4107-AE4D-7510DC0B7F4C} = {2AB8408D-A312-4CBB-8D18-594CBF97859D}
		{C097943A-10CF-45CC-BC54-6A7D7EA26DE3} = {2AB8408D-A312-4CBB-8D18-594CBF97859D}
		{16B38B9B-3D59-4D06-9AD9-A4B4E1CED8E0} = {1356BF3E-2031-4816-B19E-F396BBCE1309}
		{8E238D6B-89FD-4D1E-874B-D052AF6F1944} = {1356BF3E-2031-4816-B19E-F396BBCE1309}
		{1815BCE7-DBF4-4253-93D2-870CECB22904} = {1356BF3E-2031-4816-B19E-F396BBCE1309}
		{CAAD7387-D3A6-4EB1-A46A-BC0416FE81DD} = {5140B8C3-E818-4267-AD21-4B2251B2977C}
		{EF1BD6A2-518C-4BB8-A5F1-ED18838814F5} = {5140B8C3-E818-4267-AD21-4B2251B2977C}
		{3434CB42-207D-44C6-A7DA-94F8F0F3FA87} = {8EFF854B-84DC-41E5-94E4-31D77C9AA994}
		{938FD306-6995-42A8-AAFB-5119884F85E1} = {8EFF854B-84DC-41E5-94E4-31D77C9AA994}
		{A79B6183-C5AA-4DD9-B4B1-D93CF81923D7} = {69D09EAC-47E7-43AC-ACF2-F6421355C1DC}
		{44907022-0C27-4389-A028-065FE7146924} = {69D09EAC-47E7-43AC-ACF2-F6421355C1DC}
		{66533C74-5520-4BB3-B5A8-3D00802B02EB} = {69D09EAC-47E7-43AC-ACF2-F6421355C1DC}
		{87210A6C-D6A3-4063-93FD-A07F2374FE9D} = {8EFF854B-84DC-41E5-94E4-31D77C9AA994}
	EndGlobalSection
	GlobalSection(ExtensibilityGlobals) = postSolution
		SolutionGuid = {EB73E512-D1B5-4DBE-8D37-ADAD6413C382}
	EndGlobalSection
EndGlobal
