
Microsoft Visual Studio Solution File, Format Version 12.00
# Visual Studio 15
VisualStudioVersion = 15.0.27703.2042
MinimumVisualStudioVersion = 10.0.40219.1
Project("{9A19103F-16F7-4668-BE54-9A1E7A4F7556}") = "Anthill", "Anthill\Anthill.csproj", "{57D44745-6226-434D-8AE6-3727A0D0D21C}"
EndProject
Project("{2150E333-8FDC-42A3-9474-1A3956D46DE8}") = "Cemetery", "Cemetery", "{34BF071B-B058-4145-9240-21CFB171008A}"
EndProject
Project("{2150E333-8FDC-42A3-9474-1A3956D46DE8}") = "Colony", "Colony", "{D73832A5-5F05-4969-B643-35DB4C6D6676}"
EndProject
Project("{2150E333-8FDC-42A3-9474-1A3956D46DE8}") = "Nursery", "Nursery", "{801C6B53-21CA-466A-B6E2-6C1F54EB25D4}"
EndProject
Project("{9A19103F-16F7-4668-BE54-9A1E7A4F7556}") = "Colony.Core", "Colony\Colony.Core\Colony.Core.csproj", "{D61EF053-4CEA-46CC-962A-C20F0B698DD4}"
EndProject
Project("{9A19103F-16F7-4668-BE54-9A1E7A4F7556}") = "Cemetery.Core", "Cemetery\Cemetery.Core\Cemetery.Core.csproj", "{DC9B5CE1-3C24-40BF-AD21-B8EC78FD0B59}"
EndProject
Project("{9A19103F-16F7-4668-BE54-9A1E7A4F7556}") = "Cemetery.Data", "Cemetery\Cemetery.Data\Cemetery.Data.csproj", "{AD753F01-821B-4E09-8558-8B3259B541DC}"
EndProject
Project("{9A19103F-16F7-4668-BE54-9A1E7A4F7556}") = "Nursery.Core", "Nursery\Nursery.Core\Nursery.Core.csproj", "{6EAD08B7-F8D7-4CD5-ABB4-2FD28843553A}"
EndProject
Project("{9A19103F-16F7-4668-BE54-9A1E7A4F7556}") = "Nursery.Tests", "Nursery\Nursery.Tests\Nursery.Tests.csproj", "{AF49418F-BAE8-4F97-9B14-BEE27D51BE66}"
EndProject
Project("{9A19103F-16F7-4668-BE54-9A1E7A4F7556}") = "Colony.Tests", "Colony\Colony.Tests\Colony.Tests.csproj", "{7C4A3AC5-4EF2-4E0D-8171-81E39C1C7B7B}"
EndProject
Project("{9A19103F-16F7-4668-BE54-9A1E7A4F7556}") = "Infra.Common", "Infra.Common\Infra.Common.csproj", "{6FC6BE25-9022-4567-8227-1F1B6B71B250}"
EndProject
Project("{9A19103F-16F7-4668-BE54-9A1E7A4F7556}") = "Colony.Data", "Colony\Colony.Data\Colony.Data.csproj", "{4B5B58BF-C7C5-4BE1-83AB-9625EC72047A}"
EndProject
Project("{9A19103F-16F7-4668-BE54-9A1E7A4F7556}") = "Nursery.Data", "Nursery\Nursery.Data\Nursery.Data.csproj", "{EEB7D933-FE0F-4E17-973F-968C84A82FE7}"
EndProject
Global
	GlobalSection(SolutionConfigurationPlatforms) = preSolution
		Debug|Any CPU = Debug|Any CPU
		Release|Any CPU = Release|Any CPU
	EndGlobalSection
	GlobalSection(ProjectConfigurationPlatforms) = postSolution
		{57D44745-6226-434D-8AE6-3727A0D0D21C}.Debug|Any CPU.ActiveCfg = Debug|Any CPU
		{57D44745-6226-434D-8AE6-3727A0D0D21C}.Debug|Any CPU.Build.0 = Debug|Any CPU
		{57D44745-6226-434D-8AE6-3727A0D0D21C}.Release|Any CPU.ActiveCfg = Release|Any CPU
		{57D44745-6226-434D-8AE6-3727A0D0D21C}.Release|Any CPU.Build.0 = Release|Any CPU
		{D61EF053-4CEA-46CC-962A-C20F0B698DD4}.Debug|Any CPU.ActiveCfg = Debug|Any CPU
		{D61EF053-4CEA-46CC-962A-C20F0B698DD4}.Debug|Any CPU.Build.0 = Debug|Any CPU
		{D61EF053-4CEA-46CC-962A-C20F0B698DD4}.Release|Any CPU.ActiveCfg = Release|Any CPU
		{D61EF053-4CEA-46CC-962A-C20F0B698DD4}.Release|Any CPU.Build.0 = Release|Any CPU
		{DC9B5CE1-3C24-40BF-AD21-B8EC78FD0B59}.Debug|Any CPU.ActiveCfg = Debug|Any CPU
		{DC9B5CE1-3C24-40BF-AD21-B8EC78FD0B59}.Debug|Any CPU.Build.0 = Debug|Any CPU
		{DC9B5CE1-3C24-40BF-AD21-B8EC78FD0B59}.Release|Any CPU.ActiveCfg = Release|Any CPU
		{DC9B5CE1-3C24-40BF-AD21-B8EC78FD0B59}.Release|Any CPU.Build.0 = Release|Any CPU
		{AD753F01-821B-4E09-8558-8B3259B541DC}.Debug|Any CPU.ActiveCfg = Debug|Any CPU
		{AD753F01-821B-4E09-8558-8B3259B541DC}.Debug|Any CPU.Build.0 = Debug|Any CPU
		{AD753F01-821B-4E09-8558-8B3259B541DC}.Release|Any CPU.ActiveCfg = Release|Any CPU
		{AD753F01-821B-4E09-8558-8B3259B541DC}.Release|Any CPU.Build.0 = Release|Any CPU
		{6EAD08B7-F8D7-4CD5-ABB4-2FD28843553A}.Debug|Any CPU.ActiveCfg = Debug|Any CPU
		{6EAD08B7-F8D7-4CD5-ABB4-2FD28843553A}.Debug|Any CPU.Build.0 = Debug|Any CPU
		{6EAD08B7-F8D7-4CD5-ABB4-2FD28843553A}.Release|Any CPU.ActiveCfg = Release|Any CPU
		{6EAD08B7-F8D7-4CD5-ABB4-2FD28843553A}.Release|Any CPU.Build.0 = Release|Any CPU
		{AF49418F-BAE8-4F97-9B14-BEE27D51BE66}.Debug|Any CPU.ActiveCfg = Debug|Any CPU
		{AF49418F-BAE8-4F97-9B14-BEE27D51BE66}.Debug|Any CPU.Build.0 = Debug|Any CPU
		{AF49418F-BAE8-4F97-9B14-BEE27D51BE66}.Release|Any CPU.ActiveCfg = Release|Any CPU
		{AF49418F-BAE8-4F97-9B14-BEE27D51BE66}.Release|Any CPU.Build.0 = Release|Any CPU
		{7C4A3AC5-4EF2-4E0D-8171-81E39C1C7B7B}.Debug|Any CPU.ActiveCfg = Debug|Any CPU
		{7C4A3AC5-4EF2-4E0D-8171-81E39C1C7B7B}.Debug|Any CPU.Build.0 = Debug|Any CPU
		{7C4A3AC5-4EF2-4E0D-8171-81E39C1C7B7B}.Release|Any CPU.ActiveCfg = Release|Any CPU
		{7C4A3AC5-4EF2-4E0D-8171-81E39C1C7B7B}.Release|Any CPU.Build.0 = Release|Any CPU
		{6FC6BE25-9022-4567-8227-1F1B6B71B250}.Debug|Any CPU.ActiveCfg = Debug|Any CPU
		{6FC6BE25-9022-4567-8227-1F1B6B71B250}.Debug|Any CPU.Build.0 = Debug|Any CPU
		{6FC6BE25-9022-4567-8227-1F1B6B71B250}.Release|Any CPU.ActiveCfg = Release|Any CPU
		{6FC6BE25-9022-4567-8227-1F1B6B71B250}.Release|Any CPU.Build.0 = Release|Any CPU
		{4B5B58BF-C7C5-4BE1-83AB-9625EC72047A}.Debug|Any CPU.ActiveCfg = Debug|Any CPU
		{4B5B58BF-C7C5-4BE1-83AB-9625EC72047A}.Debug|Any CPU.Build.0 = Debug|Any CPU
		{4B5B58BF-C7C5-4BE1-83AB-9625EC72047A}.Release|Any CPU.ActiveCfg = Release|Any CPU
		{4B5B58BF-C7C5-4BE1-83AB-9625EC72047A}.Release|Any CPU.Build.0 = Release|Any CPU
		{EEB7D933-FE0F-4E17-973F-968C84A82FE7}.Debug|Any CPU.ActiveCfg = Debug|Any CPU
		{EEB7D933-FE0F-4E17-973F-968C84A82FE7}.Debug|Any CPU.Build.0 = Debug|Any CPU
		{EEB7D933-FE0F-4E17-973F-968C84A82FE7}.Release|Any CPU.ActiveCfg = Release|Any CPU
		{EEB7D933-FE0F-4E17-973F-968C84A82FE7}.Release|Any CPU.Build.0 = Release|Any CPU
	EndGlobalSection
	GlobalSection(SolutionProperties) = preSolution
		HideSolutionNode = FALSE
	EndGlobalSection
	GlobalSection(NestedProjects) = preSolution
		{D61EF053-4CEA-46CC-962A-C20F0B698DD4} = {D73832A5-5F05-4969-B643-35DB4C6D6676}
		{DC9B5CE1-3C24-40BF-AD21-B8EC78FD0B59} = {34BF071B-B058-4145-9240-21CFB171008A}
		{AD753F01-821B-4E09-8558-8B3259B541DC} = {34BF071B-B058-4145-9240-21CFB171008A}
		{6EAD08B7-F8D7-4CD5-ABB4-2FD28843553A} = {801C6B53-21CA-466A-B6E2-6C1F54EB25D4}
		{AF49418F-BAE8-4F97-9B14-BEE27D51BE66} = {801C6B53-21CA-466A-B6E2-6C1F54EB25D4}
		{7C4A3AC5-4EF2-4E0D-8171-81E39C1C7B7B} = {D73832A5-5F05-4969-B643-35DB4C6D6676}
		{4B5B58BF-C7C5-4BE1-83AB-9625EC72047A} = {D73832A5-5F05-4969-B643-35DB4C6D6676}
		{EEB7D933-FE0F-4E17-973F-968C84A82FE7} = {801C6B53-21CA-466A-B6E2-6C1F54EB25D4}
	EndGlobalSection
	GlobalSection(ExtensibilityGlobals) = postSolution
		SolutionGuid = {EB73E512-D1B5-4DBE-8D37-ADAD6413C382}
	EndGlobalSection
EndGlobal
